
Microsoft Visual Studio Solution File, Format Version 12.00
# Visual Studio 15
VisualStudioVersion = 15.0.28307.1738
MinimumVisualStudioVersion = 10.0.40219.1
Project("{FAE04EC0-301F-11D3-BF4B-00C04F79EFBC}") = "Bai3", "Bai3\Bai3.csproj", "{A144538F-6947-487D-B3E4-C5AC39400FD0}"
EndProject
Global
	GlobalSection(SolutionConfigurationPlatforms) = preSolution
		Debug|Any CPU = Debug|Any CPU
		Release|Any CPU = Release|Any CPU
	EndGlobalSection
	GlobalSection(ProjectConfigurationPlatforms) = postSolution
		{A144538F-6947-487D-B3E4-C5AC39400FD0}.Debug|Any CPU.ActiveCfg = Debug|Any CPU
		{A144538F-6947-487D-B3E4-C5AC39400FD0}.Debug|Any CPU.Build.0 = Debug|Any CPU
		{A144538F-6947-487D-B3E4-C5AC39400FD0}.Release|Any CPU.ActiveCfg = Release|Any CPU
		{A144538F-6947-487D-B3E4-C5AC39400FD0}.Release|Any CPU.Build.0 = Release|Any CPU
	EndGlobalSection
	GlobalSection(SolutionProperties) = preSolution
		HideSolutionNode = FALSE
	EndGlobalSection
	GlobalSection(ExtensibilityGlobals) = postSolution
		SolutionGuid = {FDB498AC-F406-4F60-A84E-410BC7EE45A8}
	EndGlobalSection
EndGlobal
