
Microsoft Visual Studio Solution File, Format Version 12.00
# Visual Studio 15
VisualStudioVersion = 15.0.28307.1738
MinimumVisualStudioVersion = 10.0.40219.1
Project("{FAE04EC0-301F-11D3-BF4B-00C04F79EFBC}") = "Bai2", "Bai2\Bai2.csproj", "{1400ACCC-BF87-456B-8D52-C076E548C6A9}"
EndProject
Global
	GlobalSection(SolutionConfigurationPlatforms) = preSolution
		Debug|Any CPU = Debug|Any CPU
		Release|Any CPU = Release|Any CPU
	EndGlobalSection
	GlobalSection(ProjectConfigurationPlatforms) = postSolution
		{1400ACCC-BF87-456B-8D52-C076E548C6A9}.Debug|Any CPU.ActiveCfg = Debug|Any CPU
		{1400ACCC-BF87-456B-8D52-C076E548C6A9}.Debug|Any CPU.Build.0 = Debug|Any CPU
		{1400ACCC-BF87-456B-8D52-C076E548C6A9}.Release|Any CPU.ActiveCfg = Release|Any CPU
		{1400ACCC-BF87-456B-8D52-C076E548C6A9}.Release|Any CPU.Build.0 = Release|Any CPU
	EndGlobalSection
	GlobalSection(SolutionProperties) = preSolution
		HideSolutionNode = FALSE
	EndGlobalSection
	GlobalSection(ExtensibilityGlobals) = postSolution
		SolutionGuid = {ECAE168C-B1DA-4678-999A-CE612D58F281}
	EndGlobalSection
EndGlobal
